
Microsoft Visual Studio Solution File, Format Version 12.00
# Visual Studio 15
VisualStudioVersion = 15.0.27004.2008
MinimumVisualStudioVersion = 10.0.40219.1
Project("{9A19103F-16F7-4668-BE54-9A1E7A4F7556}") = "BookShop.StartUp", "BookShop\BookShop.StartUp.csproj", "{2F1CAB3E-C131-48E9-9D6D-63F434D70B25}"
EndProject
Project("{9A19103F-16F7-4668-BE54-9A1E7A4F7556}") = "BookShop.Data", "BookShop.Data\BookShop.Data.csproj", "{A9ADE563-C1A9-4BDE-B96A-3C9393AB1783}"
EndProject
Project("{9A19103F-16F7-4668-BE54-9A1E7A4F7556}") = "BookShop.Models", "BookShop.Models\BookShop.Models.csproj", "{F910EA6D-1B1F-4A1A-9D5D-96FC5B136341}"
EndProject
Project("{FAE04EC0-301F-11D3-BF4B-00C04F79EFBC}") = "BookShop.Initializer", "BookShop.Initializer\BookShop.Initializer.csproj", "{EAA83CED-F4C9-494B-AF71-F69E571026CD}"
EndProject
Global
	GlobalSection(SolutionConfigurationPlatforms) = preSolution
		Debug|Any CPU = Debug|Any CPU
		Release|Any CPU = Release|Any CPU
	EndGlobalSection
	GlobalSection(ProjectConfigurationPlatforms) = postSolution
		{2F1CAB3E-C131-48E9-9D6D-63F434D70B25}.Debug|Any CPU.ActiveCfg = Debug|Any CPU
		{2F1CAB3E-C131-48E9-9D6D-63F434D70B25}.Debug|Any CPU.Build.0 = Debug|Any CPU
		{2F1CAB3E-C131-48E9-9D6D-63F434D70B25}.Release|Any CPU.ActiveCfg = Release|Any CPU
		{2F1CAB3E-C131-48E9-9D6D-63F434D70B25}.Release|Any CPU.Build.0 = Release|Any CPU
		{A9ADE563-C1A9-4BDE-B96A-3C9393AB1783}.Debug|Any CPU.ActiveCfg = Debug|Any CPU
		{A9ADE563-C1A9-4BDE-B96A-3C9393AB1783}.Debug|Any CPU.Build.0 = Debug|Any CPU
		{A9ADE563-C1A9-4BDE-B96A-3C9393AB1783}.Release|Any CPU.ActiveCfg = Release|Any CPU
		{A9ADE563-C1A9-4BDE-B96A-3C9393AB1783}.Release|Any CPU.Build.0 = Release|Any CPU
		{F910EA6D-1B1F-4A1A-9D5D-96FC5B136341}.Debug|Any CPU.ActiveCfg = Debug|Any CPU
		{F910EA6D-1B1F-4A1A-9D5D-96FC5B136341}.Debug|Any CPU.Build.0 = Debug|Any CPU
		{F910EA6D-1B1F-4A1A-9D5D-96FC5B136341}.Release|Any CPU.ActiveCfg = Release|Any CPU
		{F910EA6D-1B1F-4A1A-9D5D-96FC5B136341}.Release|Any CPU.Build.0 = Release|Any CPU
		{EAA83CED-F4C9-494B-AF71-F69E571026CD}.Debug|Any CPU.ActiveCfg = Debug|Any CPU
		{EAA83CED-F4C9-494B-AF71-F69E571026CD}.Debug|Any CPU.Build.0 = Debug|Any CPU
		{EAA83CED-F4C9-494B-AF71-F69E571026CD}.Release|Any CPU.ActiveCfg = Release|Any CPU
		{EAA83CED-F4C9-494B-AF71-F69E571026CD}.Release|Any CPU.Build.0 = Release|Any CPU
	EndGlobalSection
	GlobalSection(SolutionProperties) = preSolution
		HideSolutionNode = FALSE
	EndGlobalSection
	GlobalSection(ExtensibilityGlobals) = postSolution
		SolutionGuid = {0146EF27-7513-41E5-A355-E9F06EB04679}
	EndGlobalSection
EndGlobal
