
Microsoft Visual Studio Solution File, Format Version 12.00
# Visual Studio 15
VisualStudioVersion = 15.0.26403.7
MinimumVisualStudioVersion = 10.0.40219.1
Project("{FAE04EC0-301F-11D3-BF4B-00C04F79EFBC}") = "Problem 1. Define a class Person", "Problem 1. Define a class Person.csproj", "{F86B1842-E8B9-4D8C-BB1B-74AF19B41727}"
EndProject
Global
	GlobalSection(SolutionConfigurationPlatforms) = preSolution
		Debug|Any CPU = Debug|Any CPU
		Release|Any CPU = Release|Any CPU
	EndGlobalSection
	GlobalSection(ProjectConfigurationPlatforms) = postSolution
		{F86B1842-E8B9-4D8C-BB1B-74AF19B41727}.Debug|Any CPU.ActiveCfg = Debug|Any CPU
		{F86B1842-E8B9-4D8C-BB1B-74AF19B41727}.Debug|Any CPU.Build.0 = Debug|Any CPU
		{F86B1842-E8B9-4D8C-BB1B-74AF19B41727}.Release|Any CPU.ActiveCfg = Release|Any CPU
		{F86B1842-E8B9-4D8C-BB1B-74AF19B41727}.Release|Any CPU.Build.0 = Release|Any CPU
	EndGlobalSection
	GlobalSection(SolutionProperties) = preSolution
		HideSolutionNode = FALSE
	EndGlobalSection
EndGlobal
