
Microsoft Visual Studio Solution File, Format Version 12.00
# Visual Studio 15
VisualStudioVersion = 15.0.27004.2008
MinimumVisualStudioVersion = 10.0.40219.1
Project("{FAE04EC0-301F-11D3-BF4B-00C04F79EFBC}") = "ExternalFormatProcessing", "ExternalFormatProcessing\ExternalFormatProcessing.csproj", "{6A1C9359-8A24-4908-BC3A-7C182BF9F5A7}"
EndProject
Global
	GlobalSection(SolutionConfigurationPlatforms) = preSolution
		Debug|Any CPU = Debug|Any CPU
		Release|Any CPU = Release|Any CPU
	EndGlobalSection
	GlobalSection(ProjectConfigurationPlatforms) = postSolution
		{6A1C9359-8A24-4908-BC3A-7C182BF9F5A7}.Debug|Any CPU.ActiveCfg = Debug|Any CPU
		{6A1C9359-8A24-4908-BC3A-7C182BF9F5A7}.Debug|Any CPU.Build.0 = Debug|Any CPU
		{6A1C9359-8A24-4908-BC3A-7C182BF9F5A7}.Release|Any CPU.ActiveCfg = Release|Any CPU
		{6A1C9359-8A24-4908-BC3A-7C182BF9F5A7}.Release|Any CPU.Build.0 = Release|Any CPU
	EndGlobalSection
	GlobalSection(SolutionProperties) = preSolution
		HideSolutionNode = FALSE
	EndGlobalSection
	GlobalSection(ExtensibilityGlobals) = postSolution
		SolutionGuid = {59DF557A-2543-4D4D-AB7A-3656B19629D9}
	EndGlobalSection
EndGlobal
