
Microsoft Visual Studio Solution File, Format Version 12.00
# Visual Studio 15
VisualStudioVersion = 15.0.27004.2008
MinimumVisualStudioVersion = 10.0.40219.1
Project("{9A19103F-16F7-4668-BE54-9A1E7A4F7556}") = "P01_BillsPaymentSystem.App", "P01_BillsPaymentSystem\P01_BillsPaymentSystem.App.csproj", "{511FA3AD-1877-4EA7-AC81-519A6E68EF16}"
EndProject
Project("{FAE04EC0-301F-11D3-BF4B-00C04F79EFBC}") = "P01_BillsPaymentSystm.Data.Models", "P01_BillsPaymentSystm.Data.Models\P01_BillsPaymentSystm.Data.Models.csproj", "{CFEAC0EC-8809-4770-9DFD-604528DE1D0C}"
EndProject
Project("{FAE04EC0-301F-11D3-BF4B-00C04F79EFBC}") = "P01_BillsPaymentSystem.Data", "P01_BillsPaymentSystem.Data1\P01_BillsPaymentSystem.Data.csproj", "{5EE8C0E5-EC6F-4A22-8504-377FFECE070E}"
EndProject
Global
	GlobalSection(SolutionConfigurationPlatforms) = preSolution
		Debug|Any CPU = Debug|Any CPU
		Release|Any CPU = Release|Any CPU
	EndGlobalSection
	GlobalSection(ProjectConfigurationPlatforms) = postSolution
		{511FA3AD-1877-4EA7-AC81-519A6E68EF16}.Debug|Any CPU.ActiveCfg = Debug|Any CPU
		{511FA3AD-1877-4EA7-AC81-519A6E68EF16}.Debug|Any CPU.Build.0 = Debug|Any CPU
		{511FA3AD-1877-4EA7-AC81-519A6E68EF16}.Release|Any CPU.ActiveCfg = Release|Any CPU
		{511FA3AD-1877-4EA7-AC81-519A6E68EF16}.Release|Any CPU.Build.0 = Release|Any CPU
		{CFEAC0EC-8809-4770-9DFD-604528DE1D0C}.Debug|Any CPU.ActiveCfg = Debug|Any CPU
		{CFEAC0EC-8809-4770-9DFD-604528DE1D0C}.Debug|Any CPU.Build.0 = Debug|Any CPU
		{CFEAC0EC-8809-4770-9DFD-604528DE1D0C}.Release|Any CPU.ActiveCfg = Release|Any CPU
		{CFEAC0EC-8809-4770-9DFD-604528DE1D0C}.Release|Any CPU.Build.0 = Release|Any CPU
		{5EE8C0E5-EC6F-4A22-8504-377FFECE070E}.Debug|Any CPU.ActiveCfg = Debug|Any CPU
		{5EE8C0E5-EC6F-4A22-8504-377FFECE070E}.Debug|Any CPU.Build.0 = Debug|Any CPU
		{5EE8C0E5-EC6F-4A22-8504-377FFECE070E}.Release|Any CPU.ActiveCfg = Release|Any CPU
		{5EE8C0E5-EC6F-4A22-8504-377FFECE070E}.Release|Any CPU.Build.0 = Release|Any CPU
	EndGlobalSection
	GlobalSection(SolutionProperties) = preSolution
		HideSolutionNode = FALSE
	EndGlobalSection
	GlobalSection(ExtensibilityGlobals) = postSolution
		SolutionGuid = {8FEF560E-D0BA-4C7C-9B9D-BB3B58C44BE8}
	EndGlobalSection
EndGlobal
